<?xml version="1.0" encoding="utf-8"?>
<Project ToolsVersion="4.0" xmlns="http://schemas.microsoft.com/developer/msbuild/2003">
  <ItemGroup>
    <Filter Include="Resource Files">
      <UniqueIdentifier>{67DA6AB6-F800-4c08-8B7A-83BB121AAD01}</UniqueIdentifier>
      <Extensions>rc;ico;cur;bmp;dlg;rc2;rct;bin;rgs;gif;jpg;jpeg;jpe;resx;tiff;tif;png;wav;mfcribbon-ms</Extensions>
    </Filter>
    <Filter Include="Runtime">
      <UniqueIdentifier>{fe3670fa-c56f-4ee3-ba73-403f3a4887f9}</UniqueIdentifier>
    </Filter>
    <Filter Include="Runtime\Public">
      <UniqueIdentifier>{f2e8f015-2836-40cb-8698-b43d1609982c}</UniqueIdentifier>
    </Filter>
    <Filter Include="Runtime\Private">
      <UniqueIdentifier>{02f12336-e437-4140-9fff-07a3508b386d}</UniqueIdentifier>
    </Filter>
  </ItemGroup>
  <ItemGroup>
    <ClInclude Include="Runtime\Public\Entry.h">
      <Filter>Runtime\Public</Filter>
    </ClInclude>
    <ClInclude Include="Runtime\Public\Definitions.h">
      <Filter>Runtime\Public</Filter>
    </ClInclude>
  </ItemGroup>
  <ItemGroup>
    <ClCompile Include="Runtime\Private\Entry.cpp">
      <Filter>Runtime\Private</Filter>
    </ClCompile>
  </ItemGroup>
</Project>