<?xml version="1.0" encoding="utf-8"?>
<Project ToolsVersion="4.0" xmlns="http://schemas.microsoft.com/developer/msbuild/2003">
  <ItemGroup>
    <Filter Include="Resource Files">
      <UniqueIdentifier>{67DA6AB6-F800-4c08-8B7A-83BB121AAD01}</UniqueIdentifier>
      <Extensions>rc;ico;cur;bmp;dlg;rc2;rct;bin;rgs;gif;jpg;jpeg;jpe;resx;tiff;tif;png;wav;mfcribbon-ms</Extensions>
    </Filter>
    <Filter Include="Runtime">
      <UniqueIdentifier>{fe3670fa-c56f-4ee3-ba73-403f3a4887f9}</UniqueIdentifier>
    </Filter>
    <Filter Include="Runtime\Public">
      <UniqueIdentifier>{f2e8f015-2836-40cb-8698-b43d1609982c}</UniqueIdentifier>
    </Filter>
    <Filter Include="Runtime\Private">
      <UniqueIdentifier>{02f12336-e437-4140-9fff-07a3508b386d}</UniqueIdentifier>
    </Filter>
    <Filter Include="Runtime\Private\Core">
      <UniqueIdentifier>{fd5dec12-8e53-4cb8-8d23-056b981364e5}</UniqueIdentifier>
    </Filter>
    <Filter Include="Runtime\Public\Core">
      <UniqueIdentifier>{78ac16a0-613c-42ae-b8dc-f08769c055db}</UniqueIdentifier>
    </Filter>
    <Filter Include="Runtime\Private\Templates">
      <UniqueIdentifier>{79878a89-4938-4a66-b79a-d624f1e32a9a}</UniqueIdentifier>
    </Filter>
    <Filter Include="Runtime\Public\Templates">
      <UniqueIdentifier>{ebc955d4-6efe-49d2-9371-280c7b22854b}</UniqueIdentifier>
    </Filter>
    <Filter Include="Runtime\Private\Graphics">
      <UniqueIdentifier>{498868d1-9a61-405e-8b62-8c05954aafbc}</UniqueIdentifier>
    </Filter>
    <Filter Include="Runtime\Public\Graphics">
      <UniqueIdentifier>{6eaf4c47-9007-4234-9e79-55c868813e4a}</UniqueIdentifier>
    </Filter>
    <Filter Include="Runtime\Private\Input">
      <UniqueIdentifier>{d5d3022d-6be8-4ce8-83b8-4da698e54da5}</UniqueIdentifier>
    </Filter>
    <Filter Include="Runtime\Public\Input">
      <UniqueIdentifier>{607f33a5-306a-4c37-9ba7-fe2115bb1660}</UniqueIdentifier>
    </Filter>
    <Filter Include="Resource Files\Shaders">
      <UniqueIdentifier>{6109913b-8e84-4bb0-82c7-5b4a965a757a}</UniqueIdentifier>
    </Filter>
  </ItemGroup>
  <ItemGroup>
    <ClInclude Include="Runtime\Public\Definitions.h">
      <Filter>Runtime\Public</Filter>
    </ClInclude>
    <ClInclude Include="Runtime\Public\Core\GameInstance.h">
      <Filter>Runtime\Public\Core</Filter>
    </ClInclude>
    <ClInclude Include="Runtime\Public\Core\ProgramInstance.h">
      <Filter>Runtime\Public\Core</Filter>
    </ClInclude>
    <ClInclude Include="Runtime\Public\Core\Window.h">
      <Filter>Runtime\Public\Core</Filter>
    </ClInclude>
    <ClInclude Include="Runtime\Public\Templates\Array.h">
      <Filter>Runtime\Public\Templates</Filter>
    </ClInclude>
    <ClInclude Include="Runtime\Public\Graphics\RenderContext.h">
      <Filter>Runtime\Public\Graphics</Filter>
    </ClInclude>
    <ClInclude Include="Runtime\Public\Templates\RingBuffer.h">
      <Filter>Runtime\Public\Templates</Filter>
    </ClInclude>
    <ClInclude Include="Runtime\Public\Input\InputHandle.h">
      <Filter>Runtime\Public\Input</Filter>
    </ClInclude>
    <ClInclude Include="Runtime\Public\Graphics\D3DHandle.h">
      <Filter>Runtime\Public\Graphics</Filter>
    </ClInclude>
    <ClInclude Include="Runtime\Public\Graphics\Model.h">
      <Filter>Runtime\Public\Graphics</Filter>
    </ClInclude>
    <ClInclude Include="Runtime\Public\Graphics\ColorShader.h">
      <Filter>Runtime\Public\Graphics</Filter>
    </ClInclude>
    <ClInclude Include="Runtime\Public\Graphics\Camera.h">
      <Filter>Runtime\Public\Graphics</Filter>
    </ClInclude>
    <ClInclude Include="Runtime\Public\Graphics\Shader.h">
      <Filter>Runtime\Public\Graphics</Filter>
    </ClInclude>
    <ClInclude Include="Runtime\Public\Graphics\TextureShader.h">
      <Filter>Runtime\Public\Graphics</Filter>
    </ClInclude>
    <ClInclude Include="Runtime\Public\Graphics\Texture.h">
      <Filter>Runtime\Public\Graphics</Filter>
    </ClInclude>
  </ItemGroup>
  <ItemGroup>
    <ClCompile Include="Runtime\Private\Entry.cpp">
      <Filter>Runtime\Private</Filter>
    </ClCompile>
    <ClCompile Include="Runtime\Private\Core\GameInstance.cpp">
      <Filter>Runtime\Private\Core</Filter>
    </ClCompile>
    <ClCompile Include="Runtime\Private\Core\ProgramInstance.cpp">
      <Filter>Runtime\Private\Core</Filter>
    </ClCompile>
    <ClCompile Include="Runtime\Private\Core\Window.cpp">
      <Filter>Runtime\Private\Core</Filter>
    </ClCompile>
    <ClCompile Include="Runtime\Private\Templates\Array.cpp">
      <Filter>Runtime\Private\Templates</Filter>
    </ClCompile>
    <ClCompile Include="Runtime\Private\Graphics\RenderContext.cpp">
      <Filter>Runtime\Private\Graphics</Filter>
    </ClCompile>
    <ClCompile Include="Runtime\Private\Input\InputHandle.cpp">
      <Filter>Runtime\Private\Input</Filter>
    </ClCompile>
    <ClCompile Include="Runtime\Private\Graphics\D3DHandle.cpp">
      <Filter>Runtime\Private\Graphics</Filter>
    </ClCompile>
    <ClCompile Include="Runtime\Private\Graphics\Model.cpp">
      <Filter>Runtime\Private\Graphics</Filter>
    </ClCompile>
    <ClCompile Include="Runtime\Private\Graphics\ColorShader.cpp">
      <Filter>Runtime\Private\Graphics</Filter>
    </ClCompile>
    <ClCompile Include="Runtime\Private\Graphics\Camera.cpp">
      <Filter>Runtime\Private\Graphics</Filter>
    </ClCompile>
    <ClCompile Include="Runtime\Private\Graphics\Shader.cpp">
      <Filter>Runtime\Private\Graphics</Filter>
    </ClCompile>
    <ClCompile Include="Runtime\Private\Graphics\TextureShader.cpp">
      <Filter>Runtime\Private\Graphics</Filter>
    </ClCompile>
    <ClCompile Include="Runtime\Private\Graphics\Texture.cpp">
      <Filter>Runtime\Private\Graphics</Filter>
    </ClCompile>
  </ItemGroup>
  <ItemGroup>
    <None Include="Shaders\Color.ps">
      <Filter>Resource Files\Shaders</Filter>
    </None>
    <None Include="Shaders\Color.vs">
      <Filter>Resource Files\Shaders</Filter>
    </None>
    <None Include="Shaders\Texture.ps">
      <Filter>Resource Files\Shaders</Filter>
    </None>
    <None Include="Shaders\Texture.vs">
      <Filter>Resource Files\Shaders</Filter>
    </None>
  </ItemGroup>
</Project>